
Microsoft Visual Studio Solution File, Format Version 12.00
# Visual Studio Version 17
VisualStudioVersion = 17.9.34607.119
MinimumVisualStudioVersion = 10.0.40219.1
Project("{FAE04EC0-301F-11D3-BF4B-00C04F79EFBC}") = "HRMngt", "HRMngt\HRMngt.csproj", "{5C07A2D6-6976-400A-A0D6-B90B87BC0F12}"
EndProject
Global
	GlobalSection(SolutionConfigurationPlatforms) = preSolution
		Debug|Any CPU = Debug|Any CPU
		Release|Any CPU = Release|Any CPU
	EndGlobalSection
	GlobalSection(ProjectConfigurationPlatforms) = postSolution
		{5C07A2D6-6976-400A-A0D6-B90B87BC0F12}.Debug|Any CPU.ActiveCfg = Debug|Any CPU
		{5C07A2D6-6976-400A-A0D6-B90B87BC0F12}.Debug|Any CPU.Build.0 = Debug|Any CPU
		{5C07A2D6-6976-400A-A0D6-B90B87BC0F12}.Release|Any CPU.ActiveCfg = Release|Any CPU
		{5C07A2D6-6976-400A-A0D6-B90B87BC0F12}.Release|Any CPU.Build.0 = Release|Any CPU
	EndGlobalSection
	GlobalSection(SolutionProperties) = preSolution
		HideSolutionNode = FALSE
	EndGlobalSection
	GlobalSection(ExtensibilityGlobals) = postSolution
		SolutionGuid = {B8959053-46BA-4F60-9401-2A7EB06D8F38}
	EndGlobalSection
EndGlobal
